// !$*UTF8*$!
{
	archiveVersion = 1;
	classes = {
	};
	objectVersion = 50;
	objects = {

/* Begin PBXBuildFile section */
		32E67C479746212551C850A5 /* libPods-GoHaier.a in Frameworks */ = {isa = PBXBuildFile; fileRef = A98A894C959BAD7EB3B9720D /* libPods-GoHaier.a */; };
		E029015821DF8D0C00D5259C /* HaierH5ViewController.m in Sources */ = {isa = PBXBuildFile; fileRef = E029015721DF8D0C00D5259C /* HaierH5ViewController.m */; };
		E04A30C521E4708300F7EF5D /* PPNetworkHelper.m in Sources */ = {isa = PBXBuildFile; fileRef = E04A30C121E4708300F7EF5D /* PPNetworkHelper.m */; };
		E04A30C621E4708300F7EF5D /* PPNetworkCache.m in Sources */ = {isa = PBXBuildFile; fileRef = E04A30C421E4708300F7EF5D /* PPNetworkCache.m */; };
		E04FBE2121AEA87600D2EAD3 /* JavaScriptCore.framework in Frameworks */ = {isa = PBXBuildFile; fileRef = E04FBE1F21AEA85A00D2EAD3 /* JavaScriptCore.framework */; };
		E079618B21D3212B00564F83 /* H5FilePathManager.m in Sources */ = {isa = PBXBuildFile; fileRef = E079618A21D3212B00564F83 /* H5FilePathManager.m */; };
		E079618F21D378B500564F83 /* VersionController.m in Sources */ = {isa = PBXBuildFile; fileRef = E079618E21D378B500564F83 /* VersionController.m */; };
		E080EEDF21AAE3A8006F2080 /* BarCodeRecongnizerHandler.m in Sources */ = {isa = PBXBuildFile; fileRef = E080EEDE21AAE3A8006F2080 /* BarCodeRecongnizerHandler.m */; };
		E080EEE321AAE55B006F2080 /* HaierQRScanView.m in Sources */ = {isa = PBXBuildFile; fileRef = E080EEE121AAE55B006F2080 /* HaierQRScanView.m */; };
		E080EEE721AAE69D006F2080 /* HaierQRScanViewController.m in Sources */ = {isa = PBXBuildFile; fileRef = E080EEE521AAE69D006F2080 /* HaierQRScanViewController.m */; };
		E0A9D1A121A7EC9A00FEA58D /* AppDelegate.m in Sources */ = {isa = PBXBuildFile; fileRef = E0A9D1A021A7EC9A00FEA58D /* AppDelegate.m */; };
		E0A9D1A421A7EC9A00FEA58D /* ViewController.m in Sources */ = {isa = PBXBuildFile; fileRef = E0A9D1A321A7EC9A00FEA58D /* ViewController.m */; };
		E0A9D1A721A7EC9A00FEA58D /* Main.storyboard in Resources */ = {isa = PBXBuildFile; fileRef = E0A9D1A521A7EC9A00FEA58D /* Main.storyboard */; };
		E0A9D1A921A7EC9D00FEA58D /* Assets.xcassets in Resources */ = {isa = PBXBuildFile; fileRef = E0A9D1A821A7EC9D00FEA58D /* Assets.xcassets */; };
		E0A9D1AC21A7EC9D00FEA58D /* LaunchScreen.storyboard in Resources */ = {isa = PBXBuildFile; fileRef = E0A9D1AA21A7EC9D00FEA58D /* LaunchScreen.storyboard */; };
		E0A9D1AF21A7EC9D00FEA58D /* main.m in Sources */ = {isa = PBXBuildFile; fileRef = E0A9D1AE21A7EC9D00FEA58D /* main.m */; };
		E0A9D1B921A7EC9D00FEA58D /* GoHaierTests.m in Sources */ = {isa = PBXBuildFile; fileRef = E0A9D1B821A7EC9D00FEA58D /* GoHaierTests.m */; };
		E0A9D1C421A7EC9D00FEA58D /* GoHaierUITests.m in Sources */ = {isa = PBXBuildFile; fileRef = E0A9D1C321A7EC9D00FEA58D /* GoHaierUITests.m */; };
		E0B8C94E21BF4B59004CD6CC /* H5Downloader.m in Sources */ = {isa = PBXBuildFile; fileRef = E0B8C94D21BF4B59004CD6CC /* H5Downloader.m */; };
		E0B8C95221BF596F004CD6CC /* PAirSandbox.m in Sources */ = {isa = PBXBuildFile; fileRef = E0B8C95021BF596F004CD6CC /* PAirSandbox.m */; };
		E0B8C98221BF5DB7004CD6CC /* crypt.c in Sources */ = {isa = PBXBuildFile; fileRef = E0B8C95B21BF5DB7004CD6CC /* crypt.c */; };
		E0B8C98321BF5DB7004CD6CC /* unzip.c in Sources */ = {isa = PBXBuildFile; fileRef = E0B8C95C21BF5DB7004CD6CC /* unzip.c */; };
		E0B8C98421BF5DB7004CD6CC /* zip.c in Sources */ = {isa = PBXBuildFile; fileRef = E0B8C95D21BF5DB7004CD6CC /* zip.c */; };
		E0B8C98521BF5DB7004CD6CC /* ioapi.c in Sources */ = {isa = PBXBuildFile; fileRef = E0B8C95F21BF5DB7004CD6CC /* ioapi.c */; };
		E0B8C98621BF5DB7004CD6CC /* ioapi_buf.c in Sources */ = {isa = PBXBuildFile; fileRef = E0B8C96121BF5DB7004CD6CC /* ioapi_buf.c */; };
		E0B8C98721BF5DB7004CD6CC /* ioapi_mem.c in Sources */ = {isa = PBXBuildFile; fileRef = E0B8C96521BF5DB7004CD6CC /* ioapi_mem.c */; };
		E0B8C98821BF5DB7004CD6CC /* minishared.c in Sources */ = {isa = PBXBuildFile; fileRef = E0B8C96621BF5DB7004CD6CC /* minishared.c */; };
		E0B8C98921BF5DB7004CD6CC /* aeskey.c in Sources */ = {isa = PBXBuildFile; fileRef = E0B8C96C21BF5DB7004CD6CC /* aeskey.c */; };
		E0B8C98A21BF5DB7004CD6CC /* hmac.c in Sources */ = {isa = PBXBuildFile; fileRef = E0B8C96D21BF5DB7004CD6CC /* hmac.c */; };
		E0B8C98B21BF5DB7004CD6CC /* aescrypt.c in Sources */ = {isa = PBXBuildFile; fileRef = E0B8C97021BF5DB7004CD6CC /* aescrypt.c */; };
		E0B8C98C21BF5DB7004CD6CC /* fileenc.c in Sources */ = {isa = PBXBuildFile; fileRef = E0B8C97121BF5DB7004CD6CC /* fileenc.c */; };
		E0B8C98D21BF5DB7004CD6CC /* sha1.c in Sources */ = {isa = PBXBuildFile; fileRef = E0B8C97321BF5DB7004CD6CC /* sha1.c */; };
		E0B8C98E21BF5DB7004CD6CC /* aes_ni.c in Sources */ = {isa = PBXBuildFile; fileRef = E0B8C97621BF5DB7004CD6CC /* aes_ni.c */; };
		E0B8C98F21BF5DB7004CD6CC /* prng.c in Sources */ = {isa = PBXBuildFile; fileRef = E0B8C97821BF5DB7004CD6CC /* prng.c */; };
		E0B8C99021BF5DB7004CD6CC /* pwd2key.c in Sources */ = {isa = PBXBuildFile; fileRef = E0B8C97A21BF5DB7004CD6CC /* pwd2key.c */; };
		E0B8C99121BF5DB7004CD6CC /* aestab.c in Sources */ = {isa = PBXBuildFile; fileRef = E0B8C97B21BF5DB7004CD6CC /* aestab.c */; };
		E0B8C99221BF5DB7004CD6CC /* SSZipArchive.m in Sources */ = {isa = PBXBuildFile; fileRef = E0B8C98021BF5DB7004CD6CC /* SSZipArchive.m */; };
		E0B8C99621BF73DB004CD6CC /* GHaierH5Context.m in Sources */ = {isa = PBXBuildFile; fileRef = E0B8C99521BF73DB004CD6CC /* GHaierH5Context.m */; };
		E0B8C99921BF8C16004CD6CC /* LocationHandler.m in Sources */ = {isa = PBXBuildFile; fileRef = E0B8C99821BF8C16004CD6CC /* LocationHandler.m */; };
		E0B8C9AE21BFA736004CD6CC /* randtable.c in Sources */ = {isa = PBXBuildFile; fileRef = E0B8C99C21BFA736004CD6CC /* randtable.c */; };
		E0B8C9AF21BFA736004CD6CC /* mk251.c in Sources */ = {isa = PBXBuildFile; fileRef = E0B8C99D21BFA736004CD6CC /* mk251.c */; };
		E0B8C9B021BFA736004CD6CC /* compress.c in Sources */ = {isa = PBXBuildFile; fileRef = E0B8C99E21BFA736004CD6CC /* compress.c */; };
		E0B8C9B121BFA736004CD6CC /* decompress.c in Sources */ = {isa = PBXBuildFile; fileRef = E0B8C99F21BFA736004CD6CC /* decompress.c */; };
		E0B8C9B221BFA736004CD6CC /* blocksort.c in Sources */ = {isa = PBXBuildFile; fileRef = E0B8C9A221BFA736004CD6CC /* blocksort.c */; };
		E0B8C9B321BFA736004CD6CC /* huffman.c in Sources */ = {isa = PBXBuildFile; fileRef = E0B8C9A321BFA736004CD6CC /* huffman.c */; };
		E0B8C9B421BFA736004CD6CC /* spewG.c in Sources */ = {isa = PBXBuildFile; fileRef = E0B8C9A421BFA736004CD6CC /* spewG.c */; };
		E0B8C9B521BFA736004CD6CC /* dlltest.c in Sources */ = {isa = PBXBuildFile; fileRef = E0B8C9A521BFA736004CD6CC /* dlltest.c */; };
		E0B8C9B621BFA736004CD6CC /* bzip2recover.c in Sources */ = {isa = PBXBuildFile; fileRef = E0B8C9A621BFA736004CD6CC /* bzip2recover.c */; };
		E0B8C9B721BFA736004CD6CC /* crctable.c in Sources */ = {isa = PBXBuildFile; fileRef = E0B8C9A721BFA736004CD6CC /* crctable.c */; };
		E0B8C9B821BFA736004CD6CC /* unzcrash.c in Sources */ = {isa = PBXBuildFile; fileRef = E0B8C9A821BFA736004CD6CC /* unzcrash.c */; };
		E0B8C9B921BFA736004CD6CC /* bzlib.c in Sources */ = {isa = PBXBuildFile; fileRef = E0B8C9A921BFA736004CD6CC /* bzlib.c */; };
		E0B8C9BA21BFA736004CD6CC /* bzip2.c in Sources */ = {isa = PBXBuildFile; fileRef = E0B8C9AA21BFA736004CD6CC /* bzip2.c */; };
		E0B8C9BB21BFA736004CD6CC /* bspatch.c in Sources */ = {isa = PBXBuildFile; fileRef = E0B8C9AC21BFA736004CD6CC /* bspatch.c */; };
		E0B8C9BC21BFA736004CD6CC /* bsdiff.c in Sources */ = {isa = PBXBuildFile; fileRef = E0B8C9AD21BFA736004CD6CC /* bsdiff.c */; };
		E0B8C9C421BFD5F0004CD6CC /* PatchManager.m in Sources */ = {isa = PBXBuildFile; fileRef = E0B8C9C321BFD5F0004CD6CC /* PatchManager.m */; };
		E0E8EFE821E2ECE300BF0434 /* UIBarButtonItem+UC.m in Sources */ = {isa = PBXBuildFile; fileRef = E0E8EFE621E2ECE200BF0434 /* UIBarButtonItem+UC.m */; };
		E0E8EFEB21E2ED3900BF0434 /* UIColor+UC.m in Sources */ = {isa = PBXBuildFile; fileRef = E0E8EFEA21E2ED3900BF0434 /* UIColor+UC.m */; };
		E0F425B021EDCED20021D742 /* PageMangementHandler.m in Sources */ = {isa = PBXBuildFile; fileRef = E0F425AF21EDCED20021D742 /* PageMangementHandler.m */; };
		E0F6C53121AB9EA2008AF5C0 /* BaseHandler.m in Sources */ = {isa = PBXBuildFile; fileRef = E0F6C53021AB9EA2008AF5C0 /* BaseHandler.m */; };
		E0FC614A21AABBD10018AA61 /* WebViewJavascriptBridgeBase.m in Sources */ = {isa = PBXBuildFile; fileRef = E0FC614321AABBD10018AA61 /* WebViewJavascriptBridgeBase.m */; };
		E0FC614B21AABBD10018AA61 /* WKWebViewJavascriptBridge.m in Sources */ = {isa = PBXBuildFile; fileRef = E0FC614421AABBD10018AA61 /* WKWebViewJavascriptBridge.m */; };
		E0FC614C21AABBD10018AA61 /* WebViewJavascriptBridge.m in Sources */ = {isa = PBXBuildFile; fileRef = E0FC614521AABBD10018AA61 /* WebViewJavascriptBridge.m */; };
		E0FC614D21AABBD10018AA61 /* WebViewJavascriptBridge.js.txt in Resources */ = {isa = PBXBuildFile; fileRef = E0FC614721AABBD10018AA61 /* WebViewJavascriptBridge.js.txt */; };
		E0FC615121AABC5D0018AA61 /* GoHaierWebviewjavaScriptUtill.m in Sources */ = {isa = PBXBuildFile; fileRef = E0FC615021AABC5D0018AA61 /* GoHaierWebviewjavaScriptUtill.m */; };
		E0FC615521AABE1E0018AA61 /* HaierCoreWebView.m in Sources */ = {isa = PBXBuildFile; fileRef = E0FC615421AABE1E0018AA61 /* HaierCoreWebView.m */; };
		E0FC615C21AACFB00018AA61 /* ImagePickerHandler.m in Sources */ = {isa = PBXBuildFile; fileRef = E0FC615B21AACFB00018AA61 /* ImagePickerHandler.m */; };
		E0FC616021AAD2030018AA61 /* ViewControllerUtil.m in Sources */ = {isa = PBXBuildFile; fileRef = E0FC615F21AAD2030018AA61 /* ViewControllerUtil.m */; };
		E0FC616621AADB350018AA61 /* PhotoTakerHandler.m in Sources */ = {isa = PBXBuildFile; fileRef = E0FC616521AADB350018AA61 /* PhotoTakerHandler.m */; };
/* End PBXBuildFile section */

/* Begin PBXContainerItemProxy section */
		E0A9D1B521A7EC9D00FEA58D /* PBXContainerItemProxy */ = {
			isa = PBXContainerItemProxy;
			containerPortal = E0A9D19421A7EC9A00FEA58D /* Project object */;
			proxyType = 1;
			remoteGlobalIDString = E0A9D19B21A7EC9A00FEA58D;
			remoteInfo = GoHaier;
		};
		E0A9D1C021A7EC9D00FEA58D /* PBXContainerItemProxy */ = {
			isa = PBXContainerItemProxy;
			containerPortal = E0A9D19421A7EC9A00FEA58D /* Project object */;
			proxyType = 1;
			remoteGlobalIDString = E0A9D19B21A7EC9A00FEA58D;
			remoteInfo = GoHaier;
		};
/* End PBXContainerItemProxy section */

/* Begin PBXFileReference section */
		4ADB11AD7ED6A8317D47B73E /* Pods-GoHaier.release.xcconfig */ = {isa = PBXFileReference; includeInIndex = 1; lastKnownFileType = text.xcconfig; name = "Pods-GoHaier.release.xcconfig"; path = "Pods/Target Support Files/Pods-GoHaier/Pods-GoHaier.release.xcconfig"; sourceTree = "<group>"; };
		97CA5734BC39FAD7AEB74024 /* Pods-GoHaier.debug.xcconfig */ = {isa = PBXFileReference; includeInIndex = 1; lastKnownFileType = text.xcconfig; name = "Pods-GoHaier.debug.xcconfig"; path = "Pods/Target Support Files/Pods-GoHaier/Pods-GoHaier.debug.xcconfig"; sourceTree = "<group>"; };
		A98A894C959BAD7EB3B9720D /* libPods-GoHaier.a */ = {isa = PBXFileReference; explicitFileType = archive.ar; includeInIndex = 0; path = "libPods-GoHaier.a"; sourceTree = BUILT_PRODUCTS_DIR; };
		E029015621DF8D0C00D5259C /* HaierH5ViewController.h */ = {isa = PBXFileReference; lastKnownFileType = sourcecode.c.h; path = HaierH5ViewController.h; sourceTree = "<group>"; };
		E029015721DF8D0C00D5259C /* HaierH5ViewController.m */ = {isa = PBXFileReference; lastKnownFileType = sourcecode.c.objc; path = HaierH5ViewController.m; sourceTree = "<group>"; };
		E04A30C121E4708300F7EF5D /* PPNetworkHelper.m */ = {isa = PBXFileReference; fileEncoding = 4; lastKnownFileType = sourcecode.c.objc; path = PPNetworkHelper.m; sourceTree = "<group>"; };
		E04A30C221E4708300F7EF5D /* PPNetworkCache.h */ = {isa = PBXFileReference; fileEncoding = 4; lastKnownFileType = sourcecode.c.h; path = PPNetworkCache.h; sourceTree = "<group>"; };
		E04A30C321E4708300F7EF5D /* PPNetworkHelper.h */ = {isa = PBXFileReference; fileEncoding = 4; lastKnownFileType = sourcecode.c.h; path = PPNetworkHelper.h; sourceTree = "<group>"; };
		E04A30C421E4708300F7EF5D /* PPNetworkCache.m */ = {isa = PBXFileReference; fileEncoding = 4; lastKnownFileType = sourcecode.c.objc; path = PPNetworkCache.m; sourceTree = "<group>"; };
		E04FBE1F21AEA85A00D2EAD3 /* JavaScriptCore.framework */ = {isa = PBXFileReference; lastKnownFileType = wrapper.framework; name = JavaScriptCore.framework; path = System/Library/Frameworks/JavaScriptCore.framework; sourceTree = SDKROOT; };
		E079618921D3212B00564F83 /* H5FilePathManager.h */ = {isa = PBXFileReference; lastKnownFileType = sourcecode.c.h; path = H5FilePathManager.h; sourceTree = "<group>"; };
		E079618A21D3212B00564F83 /* H5FilePathManager.m */ = {isa = PBXFileReference; lastKnownFileType = sourcecode.c.objc; path = H5FilePathManager.m; sourceTree = "<group>"; };
		E079618D21D378B500564F83 /* VersionController.h */ = {isa = PBXFileReference; lastKnownFileType = sourcecode.c.h; path = VersionController.h; sourceTree = "<group>"; };
		E079618E21D378B500564F83 /* VersionController.m */ = {isa = PBXFileReference; lastKnownFileType = sourcecode.c.objc; path = VersionController.m; sourceTree = "<group>"; };
		E080EEDD21AAE3A8006F2080 /* BarCodeRecongnizerHandler.h */ = {isa = PBXFileReference; lastKnownFileType = sourcecode.c.h; path = BarCodeRecongnizerHandler.h; sourceTree = "<group>"; };
		E080EEDE21AAE3A8006F2080 /* BarCodeRecongnizerHandler.m */ = {isa = PBXFileReference; lastKnownFileType = sourcecode.c.objc; path = BarCodeRecongnizerHandler.m; sourceTree = "<group>"; };
		E080EEE121AAE55B006F2080 /* HaierQRScanView.m */ = {isa = PBXFileReference; fileEncoding = 4; lastKnownFileType = sourcecode.c.objc; path = HaierQRScanView.m; sourceTree = "<group>"; };
		E080EEE221AAE55B006F2080 /* HaierQRScanView.h */ = {isa = PBXFileReference; fileEncoding = 4; lastKnownFileType = sourcecode.c.h; path = HaierQRScanView.h; sourceTree = "<group>"; };
		E080EEE521AAE69D006F2080 /* HaierQRScanViewController.m */ = {isa = PBXFileReference; fileEncoding = 4; lastKnownFileType = sourcecode.c.objc; path = HaierQRScanViewController.m; sourceTree = "<group>"; };
		E080EEE621AAE69D006F2080 /* HaierQRScanViewController.h */ = {isa = PBXFileReference; fileEncoding = 4; lastKnownFileType = sourcecode.c.h; path = HaierQRScanViewController.h; sourceTree = "<group>"; };
		E0A9D19C21A7EC9A00FEA58D /* GoHaier.app */ = {isa = PBXFileReference; explicitFileType = wrapper.application; includeInIndex = 0; path = GoHaier.app; sourceTree = BUILT_PRODUCTS_DIR; };
		E0A9D19F21A7EC9A00FEA58D /* AppDelegate.h */ = {isa = PBXFileReference; lastKnownFileType = sourcecode.c.h; path = AppDelegate.h; sourceTree = "<group>"; };
		E0A9D1A021A7EC9A00FEA58D /* AppDelegate.m */ = {isa = PBXFileReference; lastKnownFileType = sourcecode.c.objc; path = AppDelegate.m; sourceTree = "<group>"; };
		E0A9D1A221A7EC9A00FEA58D /* ViewController.h */ = {isa = PBXFileReference; lastKnownFileType = sourcecode.c.h; path = ViewController.h; sourceTree = "<group>"; };
		E0A9D1A321A7EC9A00FEA58D /* ViewController.m */ = {isa = PBXFileReference; lastKnownFileType = sourcecode.c.objc; path = ViewController.m; sourceTree = "<group>"; };
		E0A9D1A621A7EC9A00FEA58D /* Base */ = {isa = PBXFileReference; lastKnownFileType = file.storyboard; name = Base; path = Base.lproj/Main.storyboard; sourceTree = "<group>"; };
		E0A9D1A821A7EC9D00FEA58D /* Assets.xcassets */ = {isa = PBXFileReference; lastKnownFileType = folder.assetcatalog; path = Assets.xcassets; sourceTree = "<group>"; };
		E0A9D1AB21A7EC9D00FEA58D /* Base */ = {isa = PBXFileReference; lastKnownFileType = file.storyboard; name = Base; path = Base.lproj/LaunchScreen.storyboard; sourceTree = "<group>"; };
		E0A9D1AD21A7EC9D00FEA58D /* Info.plist */ = {isa = PBXFileReference; lastKnownFileType = text.plist.xml; path = Info.plist; sourceTree = "<group>"; };
		E0A9D1AE21A7EC9D00FEA58D /* main.m */ = {isa = PBXFileReference; lastKnownFileType = sourcecode.c.objc; path = main.m; sourceTree = "<group>"; };
		E0A9D1B421A7EC9D00FEA58D /* GoHaierTests.xctest */ = {isa = PBXFileReference; explicitFileType = wrapper.cfbundle; includeInIndex = 0; path = GoHaierTests.xctest; sourceTree = BUILT_PRODUCTS_DIR; };
		E0A9D1B821A7EC9D00FEA58D /* GoHaierTests.m */ = {isa = PBXFileReference; lastKnownFileType = sourcecode.c.objc; path = GoHaierTests.m; sourceTree = "<group>"; };
		E0A9D1BA21A7EC9D00FEA58D /* Info.plist */ = {isa = PBXFileReference; lastKnownFileType = text.plist.xml; path = Info.plist; sourceTree = "<group>"; };
		E0A9D1BF21A7EC9D00FEA58D /* GoHaierUITests.xctest */ = {isa = PBXFileReference; explicitFileType = wrapper.cfbundle; includeInIndex = 0; path = GoHaierUITests.xctest; sourceTree = BUILT_PRODUCTS_DIR; };
		E0A9D1C321A7EC9D00FEA58D /* GoHaierUITests.m */ = {isa = PBXFileReference; lastKnownFileType = sourcecode.c.objc; path = GoHaierUITests.m; sourceTree = "<group>"; };
		E0A9D1C521A7EC9D00FEA58D /* Info.plist */ = {isa = PBXFileReference; lastKnownFileType = text.plist.xml; path = Info.plist; sourceTree = "<group>"; };
		E0B8C94C21BF4B59004CD6CC /* H5Downloader.h */ = {isa = PBXFileReference; lastKnownFileType = sourcecode.c.h; path = H5Downloader.h; sourceTree = "<group>"; };
		E0B8C94D21BF4B59004CD6CC /* H5Downloader.m */ = {isa = PBXFileReference; lastKnownFileType = sourcecode.c.objc; path = H5Downloader.m; sourceTree = "<group>"; };
		E0B8C95021BF596F004CD6CC /* PAirSandbox.m */ = {isa = PBXFileReference; fileEncoding = 4; lastKnownFileType = sourcecode.c.objc; path = PAirSandbox.m; sourceTree = "<group>"; };
		E0B8C95121BF596F004CD6CC /* PAirSandbox.h */ = {isa = PBXFileReference; fileEncoding = 4; lastKnownFileType = sourcecode.c.h; path = PAirSandbox.h; sourceTree = "<group>"; };
		E0B8C95921BF5DB7004CD6CC /* ZipArchive.h */ = {isa = PBXFileReference; fileEncoding = 4; lastKnownFileType = sourcecode.c.h; path = ZipArchive.h; sourceTree = "<group>"; };
		E0B8C95B21BF5DB7004CD6CC /* crypt.c */ = {isa = PBXFileReference; fileEncoding = 4; lastKnownFileType = sourcecode.c.c; path = crypt.c; sourceTree = "<group>"; };
		E0B8C95C21BF5DB7004CD6CC /* unzip.c */ = {isa = PBXFileReference; fileEncoding = 4; lastKnownFileType = sourcecode.c.c; path = unzip.c; sourceTree = "<group>"; };
		E0B8C95D21BF5DB7004CD6CC /* zip.c */ = {isa = PBXFileReference; fileEncoding = 4; lastKnownFileType = sourcecode.c.c; path = zip.c; sourceTree = "<group>"; };
		E0B8C95E21BF5DB7004CD6CC /* minishared.h */ = {isa = PBXFileReference; fileEncoding = 4; lastKnownFileType = sourcecode.c.h; path = minishared.h; sourceTree = "<group>"; };
		E0B8C95F21BF5DB7004CD6CC /* ioapi.c */ = {isa = PBXFileReference; fileEncoding = 4; lastKnownFileType = sourcecode.c.c; path = ioapi.c; sourceTree = "<group>"; };
		E0B8C96021BF5DB7004CD6CC /* ioapi_mem.h */ = {isa = PBXFileReference; fileEncoding = 4; lastKnownFileType = sourcecode.c.h; path = ioapi_mem.h; sourceTree = "<group>"; };
		E0B8C96121BF5DB7004CD6CC /* ioapi_buf.c */ = {isa = PBXFileReference; fileEncoding = 4; lastKnownFileType = sourcecode.c.c; path = ioapi_buf.c; sourceTree = "<group>"; };
		E0B8C96221BF5DB7004CD6CC /* crypt.h */ = {isa = PBXFileReference; fileEncoding = 4; lastKnownFileType = sourcecode.c.h; path = crypt.h; sourceTree = "<group>"; };
		E0B8C96321BF5DB7004CD6CC /* zip.h */ = {isa = PBXFileReference; fileEncoding = 4; lastKnownFileType = sourcecode.c.h; path = zip.h; sourceTree = "<group>"; };
		E0B8C96421BF5DB7004CD6CC /* unzip.h */ = {isa = PBXFileReference; fileEncoding = 4; lastKnownFileType = sourcecode.c.h; path = unzip.h; sourceTree = "<group>"; };
		E0B8C96521BF5DB7004CD6CC /* ioapi_mem.c */ = {isa = PBXFileReference; fileEncoding = 4; lastKnownFileType = sourcecode.c.c; path = ioapi_mem.c; sourceTree = "<group>"; };
		E0B8C96621BF5DB7004CD6CC /* minishared.c */ = {isa = PBXFileReference; fileEncoding = 4; lastKnownFileType = sourcecode.c.c; path = minishared.c; sourceTree = "<group>"; };
		E0B8C96721BF5DB7004CD6CC /* ioapi.h */ = {isa = PBXFileReference; fileEncoding = 4; lastKnownFileType = sourcecode.c.h; path = ioapi.h; sourceTree = "<group>"; };
		E0B8C96821BF5DB7004CD6CC /* ioapi_buf.h */ = {isa = PBXFileReference; fileEncoding = 4; lastKnownFileType = sourcecode.c.h; path = ioapi_buf.h; sourceTree = "<group>"; };
		E0B8C96A21BF5DB7004CD6CC /* prng.h */ = {isa = PBXFileReference; fileEncoding = 4; lastKnownFileType = sourcecode.c.h; path = prng.h; sourceTree = "<group>"; };
		E0B8C96B21BF5DB7004CD6CC /* aes_ni.h */ = {isa = PBXFileReference; fileEncoding = 4; lastKnownFileType = sourcecode.c.h; path = aes_ni.h; sourceTree = "<group>"; };
		E0B8C96C21BF5DB7004CD6CC /* aeskey.c */ = {isa = PBXFileReference; fileEncoding = 4; lastKnownFileType = sourcecode.c.c; path = aeskey.c; sourceTree = "<group>"; };
		E0B8C96D21BF5DB7004CD6CC /* hmac.c */ = {isa = PBXFileReference; fileEncoding = 4; lastKnownFileType = sourcecode.c.c; path = hmac.c; sourceTree = "<group>"; };
		E0B8C96E21BF5DB7004CD6CC /* aestab.h */ = {isa = PBXFileReference; fileEncoding = 4; lastKnownFileType = sourcecode.c.h; path = aestab.h; sourceTree = "<group>"; };
		E0B8C96F21BF5DB7004CD6CC /* pwd2key.h */ = {isa = PBXFileReference; fileEncoding = 4; lastKnownFileType = sourcecode.c.h; path = pwd2key.h; sourceTree = "<group>"; };
		E0B8C97021BF5DB7004CD6CC /* aescrypt.c */ = {isa = PBXFileReference; fileEncoding = 4; lastKnownFileType = sourcecode.c.c; path = aescrypt.c; sourceTree = "<group>"; };
		E0B8C97121BF5DB7004CD6CC /* fileenc.c */ = {isa = PBXFileReference; fileEncoding = 4; lastKnownFileType = sourcecode.c.c; path = fileenc.c; sourceTree = "<group>"; };
		E0B8C97221BF5DB7004CD6CC /* aesopt.h */ = {isa = PBXFileReference; fileEncoding = 4; lastKnownFileType = sourcecode.c.h; path = aesopt.h; sourceTree = "<group>"; };
		E0B8C97321BF5DB7004CD6CC /* sha1.c */ = {isa = PBXFileReference; fileEncoding = 4; lastKnownFileType = sourcecode.c.c; path = sha1.c; sourceTree = "<group>"; };
		E0B8C97421BF5DB7004CD6CC /* brg_types.h */ = {isa = PBXFileReference; fileEncoding = 4; lastKnownFileType = sourcecode.c.h; path = brg_types.h; sourceTree = "<group>"; };
		E0B8C97521BF5DB7004CD6CC /* hmac.h */ = {isa = PBXFileReference; fileEncoding = 4; lastKnownFileType = sourcecode.c.h; path = hmac.h; sourceTree = "<group>"; };
		E0B8C97621BF5DB7004CD6CC /* aes_ni.c */ = {isa = PBXFileReference; fileEncoding = 4; lastKnownFileType = sourcecode.c.c; path = aes_ni.c; sourceTree = "<group>"; };
		E0B8C97721BF5DB7004CD6CC /* brg_endian.h */ = {isa = PBXFileReference; fileEncoding = 4; lastKnownFileType = sourcecode.c.h; path = brg_endian.h; sourceTree = "<group>"; };
		E0B8C97821BF5DB7004CD6CC /* prng.c */ = {isa = PBXFileReference; fileEncoding = 4; lastKnownFileType = sourcecode.c.c; path = prng.c; sourceTree = "<group>"; };
		E0B8C97921BF5DB7004CD6CC /* aes.h */ = {isa = PBXFileReference; fileEncoding = 4; lastKnownFileType = sourcecode.c.h; path = aes.h; sourceTree = "<group>"; };
		E0B8C97A21BF5DB7004CD6CC /* pwd2key.c */ = {isa = PBXFileReference; fileEncoding = 4; lastKnownFileType = sourcecode.c.c; path = pwd2key.c; sourceTree = "<group>"; };
		E0B8C97B21BF5DB7004CD6CC /* aestab.c */ = {isa = PBXFileReference; fileEncoding = 4; lastKnownFileType = sourcecode.c.c; path = aestab.c; sourceTree = "<group>"; };
		E0B8C97C21BF5DB7004CD6CC /* sha1.h */ = {isa = PBXFileReference; fileEncoding = 4; lastKnownFileType = sourcecode.c.h; path = sha1.h; sourceTree = "<group>"; };
		E0B8C97D21BF5DB7004CD6CC /* fileenc.h */ = {isa = PBXFileReference; fileEncoding = 4; lastKnownFileType = sourcecode.c.h; path = fileenc.h; sourceTree = "<group>"; };
		E0B8C97E21BF5DB7004CD6CC /* SSZipArchive.h */ = {isa = PBXFileReference; fileEncoding = 4; lastKnownFileType = sourcecode.c.h; path = SSZipArchive.h; sourceTree = "<group>"; };
		E0B8C97F21BF5DB7004CD6CC /* SSZipCommon.h */ = {isa = PBXFileReference; fileEncoding = 4; lastKnownFileType = sourcecode.c.h; path = SSZipCommon.h; sourceTree = "<group>"; };
		E0B8C98021BF5DB7004CD6CC /* SSZipArchive.m */ = {isa = PBXFileReference; fileEncoding = 4; lastKnownFileType = sourcecode.c.objc; path = SSZipArchive.m; sourceTree = "<group>"; };
		E0B8C99421BF73DB004CD6CC /* GHaierH5Context.h */ = {isa = PBXFileReference; lastKnownFileType = sourcecode.c.h; path = GHaierH5Context.h; sourceTree = "<group>"; };
		E0B8C99521BF73DB004CD6CC /* GHaierH5Context.m */ = {isa = PBXFileReference; lastKnownFileType = sourcecode.c.objc; path = GHaierH5Context.m; sourceTree = "<group>"; };
		E0B8C99721BF8C16004CD6CC /* LocationHandler.h */ = {isa = PBXFileReference; lastKnownFileType = sourcecode.c.h; path = LocationHandler.h; sourceTree = "<group>"; };
		E0B8C99821BF8C16004CD6CC /* LocationHandler.m */ = {isa = PBXFileReference; lastKnownFileType = sourcecode.c.objc; path = LocationHandler.m; sourceTree = "<group>"; };
		E0B8C99C21BFA736004CD6CC /* randtable.c */ = {isa = PBXFileReference; fileEncoding = 4; lastKnownFileType = sourcecode.c.c; path = randtable.c; sourceTree = "<group>"; };
		E0B8C99D21BFA736004CD6CC /* mk251.c */ = {isa = PBXFileReference; fileEncoding = 4; lastKnownFileType = sourcecode.c.c; path = mk251.c; sourceTree = "<group>"; };
		E0B8C99E21BFA736004CD6CC /* compress.c */ = {isa = PBXFileReference; fileEncoding = 4; lastKnownFileType = sourcecode.c.c; path = compress.c; sourceTree = "<group>"; };
		E0B8C99F21BFA736004CD6CC /* decompress.c */ = {isa = PBXFileReference; fileEncoding = 4; lastKnownFileType = sourcecode.c.c; path = decompress.c; sourceTree = "<group>"; };
		E0B8C9A021BFA736004CD6CC /* bzlib_private.h */ = {isa = PBXFileReference; fileEncoding = 4; lastKnownFileType = sourcecode.c.h; path = bzlib_private.h; sourceTree = "<group>"; };
		E0B8C9A121BFA736004CD6CC /* bzlib.h */ = {isa = PBXFileReference; fileEncoding = 4; lastKnownFileType = sourcecode.c.h; path = bzlib.h; sourceTree = "<group>"; };
		E0B8C9A221BFA736004CD6CC /* blocksort.c */ = {isa = PBXFileReference; fileEncoding = 4; lastKnownFileType = sourcecode.c.c; path = blocksort.c; sourceTree = "<group>"; };
		E0B8C9A321BFA736004CD6CC /* huffman.c */ = {isa = PBXFileReference; fileEncoding = 4; lastKnownFileType = sourcecode.c.c; path = huffman.c; sourceTree = "<group>"; };
		E0B8C9A421BFA736004CD6CC /* spewG.c */ = {isa = PBXFileReference; fileEncoding = 4; lastKnownFileType = sourcecode.c.c; path = spewG.c; sourceTree = "<group>"; };
		E0B8C9A521BFA736004CD6CC /* dlltest.c */ = {isa = PBXFileReference; fileEncoding = 4; lastKnownFileType = sourcecode.c.c; path = dlltest.c; sourceTree = "<group>"; };
		E0B8C9A621BFA736004CD6CC /* bzip2recover.c */ = {isa = PBXFileReference; fileEncoding = 4; lastKnownFileType = sourcecode.c.c; path = bzip2recover.c; sourceTree = "<group>"; };
		E0B8C9A721BFA736004CD6CC /* crctable.c */ = {isa = PBXFileReference; fileEncoding = 4; lastKnownFileType = sourcecode.c.c; path = crctable.c; sourceTree = "<group>"; };
		E0B8C9A821BFA736004CD6CC /* unzcrash.c */ = {isa = PBXFileReference; fileEncoding = 4; lastKnownFileType = sourcecode.c.c; path = unzcrash.c; sourceTree = "<group>"; };
		E0B8C9A921BFA736004CD6CC /* bzlib.c */ = {isa = PBXFileReference; fileEncoding = 4; lastKnownFileType = sourcecode.c.c; path = bzlib.c; sourceTree = "<group>"; };
		E0B8C9AA21BFA736004CD6CC /* bzip2.c */ = {isa = PBXFileReference; fileEncoding = 4; lastKnownFileType = sourcecode.c.c; path = bzip2.c; sourceTree = "<group>"; };
		E0B8C9AC21BFA736004CD6CC /* bspatch.c */ = {isa = PBXFileReference; fileEncoding = 4; lastKnownFileType = sourcecode.c.c; path = bspatch.c; sourceTree = "<group>"; };
		E0B8C9AD21BFA736004CD6CC /* bsdiff.c */ = {isa = PBXFileReference; fileEncoding = 4; lastKnownFileType = sourcecode.c.c; path = bsdiff.c; sourceTree = "<group>"; };
		E0B8C9BD21BFA7BF004CD6CC /* Haier_Bsdiff.h */ = {isa = PBXFileReference; lastKnownFileType = sourcecode.c.h; path = Haier_Bsdiff.h; sourceTree = "<group>"; };
		E0B8C9C221BFD5F0004CD6CC /* PatchManager.h */ = {isa = PBXFileReference; lastKnownFileType = sourcecode.c.h; path = PatchManager.h; sourceTree = "<group>"; };
		E0B8C9C321BFD5F0004CD6CC /* PatchManager.m */ = {isa = PBXFileReference; lastKnownFileType = sourcecode.c.objc; path = PatchManager.m; sourceTree = "<group>"; };
		E0E8EFE621E2ECE200BF0434 /* UIBarButtonItem+UC.m */ = {isa = PBXFileReference; fileEncoding = 4; lastKnownFileType = sourcecode.c.objc; path = "UIBarButtonItem+UC.m"; sourceTree = "<group>"; };
		E0E8EFE721E2ECE300BF0434 /* UIBarButtonItem+UC.h */ = {isa = PBXFileReference; fileEncoding = 4; lastKnownFileType = sourcecode.c.h; path = "UIBarButtonItem+UC.h"; sourceTree = "<group>"; };
		E0E8EFE921E2ED3900BF0434 /* UIColor+UC.h */ = {isa = PBXFileReference; fileEncoding = 4; lastKnownFileType = sourcecode.c.h; path = "UIColor+UC.h"; sourceTree = "<group>"; };
		E0E8EFEA21E2ED3900BF0434 /* UIColor+UC.m */ = {isa = PBXFileReference; fileEncoding = 4; lastKnownFileType = sourcecode.c.objc; path = "UIColor+UC.m"; sourceTree = "<group>"; };
		E0F425AE21EDCED20021D742 /* PageMangementHandler.h */ = {isa = PBXFileReference; lastKnownFileType = sourcecode.c.h; path = PageMangementHandler.h; sourceTree = "<group>"; };
		E0F425AF21EDCED20021D742 /* PageMangementHandler.m */ = {isa = PBXFileReference; lastKnownFileType = sourcecode.c.objc; path = PageMangementHandler.m; sourceTree = "<group>"; };
		E0F6C52F21AB9EA2008AF5C0 /* BaseHandler.h */ = {isa = PBXFileReference; lastKnownFileType = sourcecode.c.h; path = BaseHandler.h; sourceTree = "<group>"; };
		E0F6C53021AB9EA2008AF5C0 /* BaseHandler.m */ = {isa = PBXFileReference; lastKnownFileType = sourcecode.c.objc; path = BaseHandler.m; sourceTree = "<group>"; };
		E0FC614321AABBD10018AA61 /* WebViewJavascriptBridgeBase.m */ = {isa = PBXFileReference; fileEncoding = 4; lastKnownFileType = sourcecode.c.objc; path = WebViewJavascriptBridgeBase.m; sourceTree = "<group>"; };
		E0FC614421AABBD10018AA61 /* WKWebViewJavascriptBridge.m */ = {isa = PBXFileReference; fileEncoding = 4; lastKnownFileType = sourcecode.c.objc; path = WKWebViewJavascriptBridge.m; sourceTree = "<group>"; };
		E0FC614521AABBD10018AA61 /* WebViewJavascriptBridge.m */ = {isa = PBXFileReference; fileEncoding = 4; lastKnownFileType = sourcecode.c.objc; path = WebViewJavascriptBridge.m; sourceTree = "<group>"; };
		E0FC614621AABBD10018AA61 /* WebViewJavascriptBridgeBase.h */ = {isa = PBXFileReference; fileEncoding = 4; lastKnownFileType = sourcecode.c.h; path = WebViewJavascriptBridgeBase.h; sourceTree = "<group>"; };
		E0FC614721AABBD10018AA61 /* WebViewJavascriptBridge.js.txt */ = {isa = PBXFileReference; fileEncoding = 4; lastKnownFileType = text; path = WebViewJavascriptBridge.js.txt; sourceTree = "<group>"; };
		E0FC614821AABBD10018AA61 /* WebViewJavascriptBridge.h */ = {isa = PBXFileReference; fileEncoding = 4; lastKnownFileType = sourcecode.c.h; path = WebViewJavascriptBridge.h; sourceTree = "<group>"; };
		E0FC614921AABBD10018AA61 /* WKWebViewJavascriptBridge.h */ = {isa = PBXFileReference; fileEncoding = 4; lastKnownFileType = sourcecode.c.h; path = WKWebViewJavascriptBridge.h; sourceTree = "<group>"; };
		E0FC614F21AABC5D0018AA61 /* GoHaierWebviewjavaScriptUtill.h */ = {isa = PBXFileReference; lastKnownFileType = sourcecode.c.h; path = GoHaierWebviewjavaScriptUtill.h; sourceTree = "<group>"; };
		E0FC615021AABC5D0018AA61 /* GoHaierWebviewjavaScriptUtill.m */ = {isa = PBXFileReference; lastKnownFileType = sourcecode.c.objc; path = GoHaierWebviewjavaScriptUtill.m; sourceTree = "<group>"; };
		E0FC615321AABE1E0018AA61 /* HaierCoreWebView.h */ = {isa = PBXFileReference; fileEncoding = 4; lastKnownFileType = sourcecode.c.h; path = HaierCoreWebView.h; sourceTree = "<group>"; };
		E0FC615421AABE1E0018AA61 /* HaierCoreWebView.m */ = {isa = PBXFileReference; fileEncoding = 4; lastKnownFileType = sourcecode.c.objc; path = HaierCoreWebView.m; sourceTree = "<group>"; };
		E0FC615721AAC98C0018AA61 /* ConstDefine.h */ = {isa = PBXFileReference; lastKnownFileType = sourcecode.c.h; path = ConstDefine.h; sourceTree = "<group>"; };
		E0FC615A21AACFB00018AA61 /* ImagePickerHandler.h */ = {isa = PBXFileReference; lastKnownFileType = sourcecode.c.h; path = ImagePickerHandler.h; sourceTree = "<group>"; };
		E0FC615B21AACFB00018AA61 /* ImagePickerHandler.m */ = {isa = PBXFileReference; lastKnownFileType = sourcecode.c.objc; path = ImagePickerHandler.m; sourceTree = "<group>"; };
		E0FC615E21AAD2030018AA61 /* ViewControllerUtil.h */ = {isa = PBXFileReference; lastKnownFileType = sourcecode.c.h; path = ViewControllerUtil.h; sourceTree = "<group>"; };
		E0FC615F21AAD2030018AA61 /* ViewControllerUtil.m */ = {isa = PBXFileReference; lastKnownFileType = sourcecode.c.objc; path = ViewControllerUtil.m; sourceTree = "<group>"; };
		E0FC616421AADB350018AA61 /* PhotoTakerHandler.h */ = {isa = PBXFileReference; lastKnownFileType = sourcecode.c.h; path = PhotoTakerHandler.h; sourceTree = "<group>"; };
		E0FC616521AADB350018AA61 /* PhotoTakerHandler.m */ = {isa = PBXFileReference; lastKnownFileType = sourcecode.c.objc; path = PhotoTakerHandler.m; sourceTree = "<group>"; };
/* End PBXFileReference section */

/* Begin PBXFrameworksBuildPhase section */
		E0A9D19921A7EC9A00FEA58D /* Frameworks */ = {
			isa = PBXFrameworksBuildPhase;
			buildActionMask = 2147483647;
			files = (
				E04FBE2121AEA87600D2EAD3 /* JavaScriptCore.framework in Frameworks */,
				32E67C479746212551C850A5 /* libPods-GoHaier.a in Frameworks */,
			);
			runOnlyForDeploymentPostprocessing = 0;
		};
		E0A9D1B121A7EC9D00FEA58D /* Frameworks */ = {
			isa = PBXFrameworksBuildPhase;
			buildActionMask = 2147483647;
			files = (
			);
			runOnlyForDeploymentPostprocessing = 0;
		};
		E0A9D1BC21A7EC9D00FEA58D /* Frameworks */ = {
			isa = PBXFrameworksBuildPhase;
			buildActionMask = 2147483647;
			files = (
			);
			runOnlyForDeploymentPostprocessing = 0;
		};
/* End PBXFrameworksBuildPhase section */

/* Begin PBXGroup section */
		5BFAA7FC3FC9E4A1EF2CFD82 /* Pods */ = {
			isa = PBXGroup;
			children = (
				97CA5734BC39FAD7AEB74024 /* Pods-GoHaier.debug.xcconfig */,
				4ADB11AD7ED6A8317D47B73E /* Pods-GoHaier.release.xcconfig */,
			);
			name = Pods;
			sourceTree = "<group>";
		};
		E04A30C021E4708300F7EF5D /* PPNetworkHelper */ = {
			isa = PBXGroup;
			children = (
				E04A30C121E4708300F7EF5D /* PPNetworkHelper.m */,
				E04A30C221E4708300F7EF5D /* PPNetworkCache.h */,
				E04A30C321E4708300F7EF5D /* PPNetworkHelper.h */,
				E04A30C421E4708300F7EF5D /* PPNetworkCache.m */,
			);
			path = PPNetworkHelper;
			sourceTree = "<group>";
		};
		E04FBE1E21AEA85900D2EAD3 /* Frameworks */ = {
			isa = PBXGroup;
			children = (
				E04FBE1F21AEA85A00D2EAD3 /* JavaScriptCore.framework */,
				A98A894C959BAD7EB3B9720D /* libPods-GoHaier.a */,
			);
			name = Frameworks;
			sourceTree = "<group>";
		};
		E056B39221C0A059006C6232 /* H5 */ = {
			isa = PBXGroup;
			children = (
				E056B39321C0A067006C6232 /* GoHaier */,
			);
			path = H5;
			sourceTree = "<group>";
		};
		E056B39321C0A067006C6232 /* GoHaier */ = {
			isa = PBXGroup;
			children = (
			);
			path = GoHaier;
			sourceTree = "<group>";
		};
		E079618C21D3783400564F83 /* VersionController */ = {
			isa = PBXGroup;
			children = (
				E079618D21D378B500564F83 /* VersionController.h */,
				E079618E21D378B500564F83 /* VersionController.m */,
			);
			path = VersionController;
			sourceTree = "<group>";
		};
		E080EEE021AAE540006F2080 /* views */ = {
			isa = PBXGroup;
			children = (
				E080EEE221AAE55B006F2080 /* HaierQRScanView.h */,
				E080EEE121AAE55B006F2080 /* HaierQRScanView.m */,
			);
			path = views;
			sourceTree = "<group>";
		};
		E080EEE421AAE686006F2080 /* controllers */ = {
			isa = PBXGroup;
			children = (
				E080EEE621AAE69D006F2080 /* HaierQRScanViewController.h */,
				E080EEE521AAE69D006F2080 /* HaierQRScanViewController.m */,
			);
			path = controllers;
			sourceTree = "<group>";
		};
		E0A9D19321A7EC9A00FEA58D = {
			isa = PBXGroup;
			children = (
				E0A9D19E21A7EC9A00FEA58D /* GoHaier */,
				E0A9D1B721A7EC9D00FEA58D /* GoHaierTests */,
				E0A9D1C221A7EC9D00FEA58D /* GoHaierUITests */,
				E0A9D19D21A7EC9A00FEA58D /* Products */,
				E04FBE1E21AEA85900D2EAD3 /* Frameworks */,
				5BFAA7FC3FC9E4A1EF2CFD82 /* Pods */,
			);
			sourceTree = "<group>";
		};
		E0A9D19D21A7EC9A00FEA58D /* Products */ = {
			isa = PBXGroup;
			children = (
				E0A9D19C21A7EC9A00FEA58D /* GoHaier.app */,
				E0A9D1B421A7EC9D00FEA58D /* GoHaierTests.xctest */,
				E0A9D1BF21A7EC9D00FEA58D /* GoHaierUITests.xctest */,
			);
			name = Products;
			sourceTree = "<group>";
		};
		E0A9D19E21A7EC9A00FEA58D /* GoHaier */ = {
			isa = PBXGroup;
			children = (
				E056B39221C0A059006C6232 /* H5 */,
				E0FC615D21AAD1DE0018AA61 /* CoreUtil */,
				E0FC615621AAC92B0018AA61 /* Const */,
				E0FC615221AABE030018AA61 /* CoreModule */,
				E0FC614E21AABBE40018AA61 /* Middleware */,
				E0A9D1D121A7ECB800FEA58D /* vendors */,
				E0A9D19F21A7EC9A00FEA58D /* AppDelegate.h */,
				E0A9D1A021A7EC9A00FEA58D /* AppDelegate.m */,
				E0A9D1A221A7EC9A00FEA58D /* ViewController.h */,
				E0A9D1A321A7EC9A00FEA58D /* ViewController.m */,
				E0A9D1A521A7EC9A00FEA58D /* Main.storyboard */,
				E0A9D1A821A7EC9D00FEA58D /* Assets.xcassets */,
				E0A9D1AA21A7EC9D00FEA58D /* LaunchScreen.storyboard */,
				E0A9D1AD21A7EC9D00FEA58D /* Info.plist */,
				E0A9D1AE21A7EC9D00FEA58D /* main.m */,
			);
			path = GoHaier;
			sourceTree = "<group>";
		};
		E0A9D1B721A7EC9D00FEA58D /* GoHaierTests */ = {
			isa = PBXGroup;
			children = (
				E0A9D1B821A7EC9D00FEA58D /* GoHaierTests.m */,
				E0A9D1BA21A7EC9D00FEA58D /* Info.plist */,
			);
			path = GoHaierTests;
			sourceTree = "<group>";
		};
		E0A9D1C221A7EC9D00FEA58D /* GoHaierUITests */ = {
			isa = PBXGroup;
			children = (
				E0A9D1C321A7EC9D00FEA58D /* GoHaierUITests.m */,
				E0A9D1C521A7EC9D00FEA58D /* Info.plist */,
			);
			path = GoHaierUITests;
			sourceTree = "<group>";
		};
		E0A9D1D121A7ECB800FEA58D /* vendors */ = {
			isa = PBXGroup;
			children = (
				E0FC614221AABBD10018AA61 /* WebViewJavascriptBridge */,
			);
			path = vendors;
			sourceTree = "<group>";
		};
		E0B8C93821BF470D004CD6CC /* H5Downloader */ = {
			isa = PBXGroup;
			children = (
				E0B8C94B21BF4B36004CD6CC /* Downloader */,
				E0B8C93921BF4A77004CD6CC /* ZipArchive */,
			);
			path = H5Downloader;
			sourceTree = "<group>";
		};
		E0B8C93921BF4A77004CD6CC /* ZipArchive */ = {
			isa = PBXGroup;
			children = (
				E0B8C95821BF5DB7004CD6CC /* SSZipArchive */,
			);
			path = ZipArchive;
			sourceTree = "<group>";
		};
		E0B8C94B21BF4B36004CD6CC /* Downloader */ = {
			isa = PBXGroup;
			children = (
				E0B8C94C21BF4B59004CD6CC /* H5Downloader.h */,
				E0B8C94D21BF4B59004CD6CC /* H5Downloader.m */,
				E0B8C99421BF73DB004CD6CC /* GHaierH5Context.h */,
				E0B8C99521BF73DB004CD6CC /* GHaierH5Context.m */,
				E079618921D3212B00564F83 /* H5FilePathManager.h */,
				E079618A21D3212B00564F83 /* H5FilePathManager.m */,
			);
			path = Downloader;
			sourceTree = "<group>";
		};
		E0B8C94F21BF586E004CD6CC /* SandBox */ = {
			isa = PBXGroup;
			children = (
				E0B8C95121BF596F004CD6CC /* PAirSandbox.h */,
				E0B8C95021BF596F004CD6CC /* PAirSandbox.m */,
			);
			path = SandBox;
			sourceTree = "<group>";
		};
		E0B8C95821BF5DB7004CD6CC /* SSZipArchive */ = {
			isa = PBXGroup;
			children = (
				E0B8C95921BF5DB7004CD6CC /* ZipArchive.h */,
				E0B8C95A21BF5DB7004CD6CC /* minizip */,
				E0B8C97E21BF5DB7004CD6CC /* SSZipArchive.h */,
				E0B8C97F21BF5DB7004CD6CC /* SSZipCommon.h */,
				E0B8C98021BF5DB7004CD6CC /* SSZipArchive.m */,
			);
			path = SSZipArchive;
			sourceTree = "<group>";
		};
		E0B8C95A21BF5DB7004CD6CC /* minizip */ = {
			isa = PBXGroup;
			children = (
				E0B8C95B21BF5DB7004CD6CC /* crypt.c */,
				E0B8C95C21BF5DB7004CD6CC /* unzip.c */,
				E0B8C95D21BF5DB7004CD6CC /* zip.c */,
				E0B8C95E21BF5DB7004CD6CC /* minishared.h */,
				E0B8C95F21BF5DB7004CD6CC /* ioapi.c */,
				E0B8C96021BF5DB7004CD6CC /* ioapi_mem.h */,
				E0B8C96121BF5DB7004CD6CC /* ioapi_buf.c */,
				E0B8C96221BF5DB7004CD6CC /* crypt.h */,
				E0B8C96321BF5DB7004CD6CC /* zip.h */,
				E0B8C96421BF5DB7004CD6CC /* unzip.h */,
				E0B8C96521BF5DB7004CD6CC /* ioapi_mem.c */,
				E0B8C96621BF5DB7004CD6CC /* minishared.c */,
				E0B8C96721BF5DB7004CD6CC /* ioapi.h */,
				E0B8C96821BF5DB7004CD6CC /* ioapi_buf.h */,
				E0B8C96921BF5DB7004CD6CC /* aes */,
			);
			path = minizip;
			sourceTree = "<group>";
		};
		E0B8C96921BF5DB7004CD6CC /* aes */ = {
			isa = PBXGroup;
			children = (
				E0B8C96A21BF5DB7004CD6CC /* prng.h */,
				E0B8C96B21BF5DB7004CD6CC /* aes_ni.h */,
				E0B8C96C21BF5DB7004CD6CC /* aeskey.c */,
				E0B8C96D21BF5DB7004CD6CC /* hmac.c */,
				E0B8C96E21BF5DB7004CD6CC /* aestab.h */,
				E0B8C96F21BF5DB7004CD6CC /* pwd2key.h */,
				E0B8C97021BF5DB7004CD6CC /* aescrypt.c */,
				E0B8C97121BF5DB7004CD6CC /* fileenc.c */,
				E0B8C97221BF5DB7004CD6CC /* aesopt.h */,
				E0B8C97321BF5DB7004CD6CC /* sha1.c */,
				E0B8C97421BF5DB7004CD6CC /* brg_types.h */,
				E0B8C97521BF5DB7004CD6CC /* hmac.h */,
				E0B8C97621BF5DB7004CD6CC /* aes_ni.c */,
				E0B8C97721BF5DB7004CD6CC /* brg_endian.h */,
				E0B8C97821BF5DB7004CD6CC /* prng.c */,
				E0B8C97921BF5DB7004CD6CC /* aes.h */,
				E0B8C97A21BF5DB7004CD6CC /* pwd2key.c */,
				E0B8C97B21BF5DB7004CD6CC /* aestab.c */,
				E0B8C97C21BF5DB7004CD6CC /* sha1.h */,
				E0B8C97D21BF5DB7004CD6CC /* fileenc.h */,
			);
			path = aes;
			sourceTree = "<group>";
		};
		E0B8C99A21BFA717004CD6CC /* BSDiff */ = {
			isa = PBXGroup;
			children = (
				E0B8C9BD21BFA7BF004CD6CC /* Haier_Bsdiff.h */,
				E0B8C9AB21BFA736004CD6CC /* bsdiff-4.3 */,
				E0B8C99B21BFA736004CD6CC /* bzip2-1.0.6 */,
				E0B8C9C221BFD5F0004CD6CC /* PatchManager.h */,
				E0B8C9C321BFD5F0004CD6CC /* PatchManager.m */,
			);
			path = BSDiff;
			sourceTree = "<group>";
		};
		E0B8C99B21BFA736004CD6CC /* bzip2-1.0.6 */ = {
			isa = PBXGroup;
			children = (
				E0B8C99C21BFA736004CD6CC /* randtable.c */,
				E0B8C99D21BFA736004CD6CC /* mk251.c */,
				E0B8C99E21BFA736004CD6CC /* compress.c */,
				E0B8C99F21BFA736004CD6CC /* decompress.c */,
				E0B8C9A021BFA736004CD6CC /* bzlib_private.h */,
				E0B8C9A121BFA736004CD6CC /* bzlib.h */,
				E0B8C9A221BFA736004CD6CC /* blocksort.c */,
				E0B8C9A321BFA736004CD6CC /* huffman.c */,
				E0B8C9A421BFA736004CD6CC /* spewG.c */,
				E0B8C9A521BFA736004CD6CC /* dlltest.c */,
				E0B8C9A621BFA736004CD6CC /* bzip2recover.c */,
				E0B8C9A721BFA736004CD6CC /* crctable.c */,
				E0B8C9A821BFA736004CD6CC /* unzcrash.c */,
				E0B8C9A921BFA736004CD6CC /* bzlib.c */,
				E0B8C9AA21BFA736004CD6CC /* bzip2.c */,
			);
			path = "bzip2-1.0.6";
			sourceTree = "<group>";
		};
		E0B8C9AB21BFA736004CD6CC /* bsdiff-4.3 */ = {
			isa = PBXGroup;
			children = (
				E0B8C9AC21BFA736004CD6CC /* bspatch.c */,
				E0B8C9AD21BFA736004CD6CC /* bsdiff.c */,
			);
			path = "bsdiff-4.3";
			sourceTree = "<group>";
		};
		E0FC614221AABBD10018AA61 /* WebViewJavascriptBridge */ = {
			isa = PBXGroup;
			children = (
				E0FC614321AABBD10018AA61 /* WebViewJavascriptBridgeBase.m */,
				E0FC614421AABBD10018AA61 /* WKWebViewJavascriptBridge.m */,
				E0FC614521AABBD10018AA61 /* WebViewJavascriptBridge.m */,
				E0FC614621AABBD10018AA61 /* WebViewJavascriptBridgeBase.h */,
				E0FC614721AABBD10018AA61 /* WebViewJavascriptBridge.js.txt */,
				E0FC614821AABBD10018AA61 /* WebViewJavascriptBridge.h */,
				E0FC614921AABBD10018AA61 /* WKWebViewJavascriptBridge.h */,
			);
			path = WebViewJavascriptBridge;
			sourceTree = "<group>";
		};
		E0FC614E21AABBE40018AA61 /* Middleware */ = {
			isa = PBXGroup;
			children = (
				E0FC614F21AABC5D0018AA61 /* GoHaierWebviewjavaScriptUtill.h */,
				E0FC615021AABC5D0018AA61 /* GoHaierWebviewjavaScriptUtill.m */,
			);
			path = Middleware;
			sourceTree = "<group>";
		};
		E0FC615221AABE030018AA61 /* CoreModule */ = {
			isa = PBXGroup;
			children = (
				E079618C21D3783400564F83 /* VersionController */,
				E0B8C99A21BFA717004CD6CC /* BSDiff */,
				E0B8C93821BF470D004CD6CC /* H5Downloader */,
				E0FC615821AACF100018AA61 /* WebView */,
			);
			path = CoreModule;
			sourceTree = "<group>";
		};
		E0FC615621AAC92B0018AA61 /* Const */ = {
			isa = PBXGroup;
			children = (
				E0FC615721AAC98C0018AA61 /* ConstDefine.h */,
			);
			path = Const;
			sourceTree = "<group>";
		};
		E0FC615821AACF100018AA61 /* WebView */ = {
			isa = PBXGroup;
			children = (
				E080EEE421AAE686006F2080 /* controllers */,
				E080EEE021AAE540006F2080 /* views */,
				E0FC615921AACF250018AA61 /* handlermethods */,
				E0F6C52F21AB9EA2008AF5C0 /* BaseHandler.h */,
				E0F6C53021AB9EA2008AF5C0 /* BaseHandler.m */,
				E0FC615321AABE1E0018AA61 /* HaierCoreWebView.h */,
				E0FC615421AABE1E0018AA61 /* HaierCoreWebView.m */,
				E029015621DF8D0C00D5259C /* HaierH5ViewController.h */,
				E029015721DF8D0C00D5259C /* HaierH5ViewController.m */,
			);
			path = WebView;
			sourceTree = "<group>";
		};
		E0FC615921AACF250018AA61 /* handlermethods */ = {
			isa = PBXGroup;
			children = (
				E0FC615A21AACFB00018AA61 /* ImagePickerHandler.h */,
				E0FC615B21AACFB00018AA61 /* ImagePickerHandler.m */,
				E0FC616421AADB350018AA61 /* PhotoTakerHandler.h */,
				E0F425AE21EDCED20021D742 /* PageMangementHandler.h */,
				E0F425AF21EDCED20021D742 /* PageMangementHandler.m */,
				E0FC616521AADB350018AA61 /* PhotoTakerHandler.m */,
				E080EEDD21AAE3A8006F2080 /* BarCodeRecongnizerHandler.h */,
				E080EEDE21AAE3A8006F2080 /* BarCodeRecongnizerHandler.m */,
				E0B8C99721BF8C16004CD6CC /* LocationHandler.h */,
				E0B8C99821BF8C16004CD6CC /* LocationHandler.m */,
			);
			path = handlermethods;
			sourceTree = "<group>";
		};
		E0FC615D21AAD1DE0018AA61 /* CoreUtil */ = {
			isa = PBXGroup;
			children = (
				E04A30C021E4708300F7EF5D /* PPNetworkHelper */,
				E0B8C94F21BF586E004CD6CC /* SandBox */,
				E0FC615E21AAD2030018AA61 /* ViewControllerUtil.h */,
				E0FC615F21AAD2030018AA61 /* ViewControllerUtil.m */,
				E0E8EFE721E2ECE300BF0434 /* UIBarButtonItem+UC.h */,
				E0E8EFE621E2ECE200BF0434 /* UIBarButtonItem+UC.m */,
				E0E8EFE921E2ED3900BF0434 /* UIColor+UC.h */,
				E0E8EFEA21E2ED3900BF0434 /* UIColor+UC.m */,
			);
			path = CoreUtil;
			sourceTree = "<group>";
		};
/* End PBXGroup section */

/* Begin PBXNativeTarget section */
		E0A9D19B21A7EC9A00FEA58D /* GoHaier */ = {
			isa = PBXNativeTarget;
			buildConfigurationList = E0A9D1C821A7EC9D00FEA58D /* Build configuration list for PBXNativeTarget "GoHaier" */;
			buildPhases = (
				E33CF2E7A4BC40B3B87E7974 /* [CP] Check Pods Manifest.lock */,
				E0A9D19821A7EC9A00FEA58D /* Sources */,
				E0A9D19921A7EC9A00FEA58D /* Frameworks */,
				E0A9D19A21A7EC9A00FEA58D /* Resources */,
				F4634F7621C23B40CF81D015 /* [CP] Copy Pods Resources */,
			);
			buildRules = (
			);
			dependencies = (
			);
			name = GoHaier;
			productName = GoHaier;
			productReference = E0A9D19C21A7EC9A00FEA58D /* GoHaier.app */;
			productType = "com.apple.product-type.application";
		};
		E0A9D1B321A7EC9D00FEA58D /* GoHaierTests */ = {
			isa = PBXNativeTarget;
			buildConfigurationList = E0A9D1CB21A7EC9D00FEA58D /* Build configuration list for PBXNativeTarget "GoHaierTests" */;
			buildPhases = (
				E0A9D1B021A7EC9D00FEA58D /* Sources */,
				E0A9D1B121A7EC9D00FEA58D /* Frameworks */,
				E0A9D1B221A7EC9D00FEA58D /* Resources */,
			);
			buildRules = (
			);
			dependencies = (
				E0A9D1B621A7EC9D00FEA58D /* PBXTargetDependency */,
			);
			name = GoHaierTests;
			productName = GoHaierTests;
			productReference = E0A9D1B421A7EC9D00FEA58D /* GoHaierTests.xctest */;
			productType = "com.apple.product-type.bundle.unit-test";
		};
		E0A9D1BE21A7EC9D00FEA58D /* GoHaierUITests */ = {
			isa = PBXNativeTarget;
			buildConfigurationList = E0A9D1CE21A7EC9D00FEA58D /* Build configuration list for PBXNativeTarget "GoHaierUITests" */;
			buildPhases = (
				E0A9D1BB21A7EC9D00FEA58D /* Sources */,
				E0A9D1BC21A7EC9D00FEA58D /* Frameworks */,
				E0A9D1BD21A7EC9D00FEA58D /* Resources */,
			);
			buildRules = (
			);
			dependencies = (
				E0A9D1C121A7EC9D00FEA58D /* PBXTargetDependency */,
			);
			name = GoHaierUITests;
			productName = GoHaierUITests;
			productReference = E0A9D1BF21A7EC9D00FEA58D /* GoHaierUITests.xctest */;
			productType = "com.apple.product-type.bundle.ui-testing";
		};
/* End PBXNativeTarget section */

/* Begin PBXProject section */
		E0A9D19421A7EC9A00FEA58D /* Project object */ = {
			isa = PBXProject;
			attributes = {
				LastUpgradeCheck = 0940;
				ORGANIZATIONNAME = com.haier;
				TargetAttributes = {
					E0A9D19B21A7EC9A00FEA58D = {
						CreatedOnToolsVersion = 9.4.1;
					};
					E0A9D1B321A7EC9D00FEA58D = {
						CreatedOnToolsVersion = 9.4.1;
						TestTargetID = E0A9D19B21A7EC9A00FEA58D;
					};
					E0A9D1BE21A7EC9D00FEA58D = {
						CreatedOnToolsVersion = 9.4.1;
						TestTargetID = E0A9D19B21A7EC9A00FEA58D;
					};
				};
			};
			buildConfigurationList = E0A9D19721A7EC9A00FEA58D /* Build configuration list for PBXProject "GoHaier" */;
			compatibilityVersion = "Xcode 9.3";
			developmentRegion = en;
			hasScannedForEncodings = 0;
			knownRegions = (
				en,
				Base,
			);
			mainGroup = E0A9D19321A7EC9A00FEA58D;
			productRefGroup = E0A9D19D21A7EC9A00FEA58D /* Products */;
			projectDirPath = "";
			projectRoot = "";
			targets = (
				E0A9D19B21A7EC9A00FEA58D /* GoHaier */,
				E0A9D1B321A7EC9D00FEA58D /* GoHaierTests */,
				E0A9D1BE21A7EC9D00FEA58D /* GoHaierUITests */,
			);
		};
/* End PBXProject section */

/* Begin PBXResourcesBuildPhase section */
		E0A9D19A21A7EC9A00FEA58D /* Resources */ = {
			isa = PBXResourcesBuildPhase;
			buildActionMask = 2147483647;
			files = (
				E0FC614D21AABBD10018AA61 /* WebViewJavascriptBridge.js.txt in Resources */,
				E0A9D1AC21A7EC9D00FEA58D /* LaunchScreen.storyboard in Resources */,
				E0A9D1A921A7EC9D00FEA58D /* Assets.xcassets in Resources */,
				E0A9D1A721A7EC9A00FEA58D /* Main.storyboard in Resources */,
			);
			runOnlyForDeploymentPostprocessing = 0;
		};
		E0A9D1B221A7EC9D00FEA58D /* Resources */ = {
			isa = PBXResourcesBuildPhase;
			buildActionMask = 2147483647;
			files = (
			);
			runOnlyForDeploymentPostprocessing = 0;
		};
		E0A9D1BD21A7EC9D00FEA58D /* Resources */ = {
			isa = PBXResourcesBuildPhase;
			buildActionMask = 2147483647;
			files = (
			);
			runOnlyForDeploymentPostprocessing = 0;
		};
/* End PBXResourcesBuildPhase section */

/* Begin PBXShellScriptBuildPhase section */
		E33CF2E7A4BC40B3B87E7974 /* [CP] Check Pods Manifest.lock */ = {
			isa = PBXShellScriptBuildPhase;
			buildActionMask = 2147483647;
			files = (
			);
			inputPaths = (
				"${PODS_PODFILE_DIR_PATH}/Podfile.lock",
				"${PODS_ROOT}/Manifest.lock",
			);
			name = "[CP] Check Pods Manifest.lock";
			outputPaths = (
				"$(DERIVED_FILE_DIR)/Pods-GoHaier-checkManifestLockResult.txt",
			);
			runOnlyForDeploymentPostprocessing = 0;
			shellPath = /bin/sh;
			shellScript = "diff \"${PODS_PODFILE_DIR_PATH}/Podfile.lock\" \"${PODS_ROOT}/Manifest.lock\" > /dev/null\nif [ $? != 0 ] ; then\n    # print error to STDERR\n    echo \"error: The sandbox is not in sync with the Podfile.lock. Run 'pod install' or update your CocoaPods installation.\" >&2\n    exit 1\nfi\n# This output is used by Xcode 'outputs' to avoid re-running this script phase.\necho \"SUCCESS\" > \"${SCRIPT_OUTPUT_FILE_0}\"\n";
			showEnvVarsInLog = 0;
		};
		F4634F7621C23B40CF81D015 /* [CP] Copy Pods Resources */ = {
			isa = PBXShellScriptBuildPhase;
			buildActionMask = 2147483647;
			files = (
			);
			inputPaths = (
				"${SRCROOT}/Pods/Target Support Files/Pods-GoHaier/Pods-GoHaier-resources.sh",
				"${PODS_ROOT}/MJRefresh/MJRefresh/MJRefresh.bundle",
			);
			name = "[CP] Copy Pods Resources";
			outputPaths = (
				"${TARGET_BUILD_DIR}/${UNLOCALIZED_RESOURCES_FOLDER_PATH}/MJRefresh.bundle",
			);
			runOnlyForDeploymentPostprocessing = 0;
			shellPath = /bin/sh;
			shellScript = "\"${SRCROOT}/Pods/Target Support Files/Pods-GoHaier/Pods-GoHaier-resources.sh\"\n";
			showEnvVarsInLog = 0;
		};
/* End PBXShellScriptBuildPhase section */

/* Begin PBXSourcesBuildPhase section */
		E0A9D19821A7EC9A00FEA58D /* Sources */ = {
			isa = PBXSourcesBuildPhase;
			buildActionMask = 2147483647;
			files = (
				E0B8C9B421BFA736004CD6CC /* spewG.c in Sources */,
				E0B8C99021BF5DB7004CD6CC /* pwd2key.c in Sources */,
				E0B8C9B321BFA736004CD6CC /* huffman.c in Sources */,
				E0B8C9AE21BFA736004CD6CC /* randtable.c in Sources */,
				E0F425B021EDCED20021D742 /* PageMangementHandler.m in Sources */,
				E0B8C98A21BF5DB7004CD6CC /* hmac.c in Sources */,
				E029015821DF8D0C00D5259C /* HaierH5ViewController.m in Sources */,
				E0B8C98621BF5DB7004CD6CC /* ioapi_buf.c in Sources */,
				E0B8C9B221BFA736004CD6CC /* blocksort.c in Sources */,
				E0B8C98821BF5DB7004CD6CC /* minishared.c in Sources */,
				E080EEE321AAE55B006F2080 /* HaierQRScanView.m in Sources */,
				E0B8C95221BF596F004CD6CC /* PAirSandbox.m in Sources */,
				E0B8C98721BF5DB7004CD6CC /* ioapi_mem.c in Sources */,
				E0B8C9BC21BFA736004CD6CC /* bsdiff.c in Sources */,
				E0B8C9BB21BFA736004CD6CC /* bspatch.c in Sources */,
				E0B8C99921BF8C16004CD6CC /* LocationHandler.m in Sources */,
				E04A30C621E4708300F7EF5D /* PPNetworkCache.m in Sources */,
				E079618F21D378B500564F83 /* VersionController.m in Sources */,
				E0FC615521AABE1E0018AA61 /* HaierCoreWebView.m in Sources */,
				E080EEE721AAE69D006F2080 /* HaierQRScanViewController.m in Sources */,
				E0B8C9C421BFD5F0004CD6CC /* PatchManager.m in Sources */,
				E0B8C98D21BF5DB7004CD6CC /* sha1.c in Sources */,
				E0B8C99621BF73DB004CD6CC /* GHaierH5Context.m in Sources */,
				E0F6C53121AB9EA2008AF5C0 /* BaseHandler.m in Sources */,
				E0B8C9B721BFA736004CD6CC /* crctable.c in Sources */,
				E0B8C98E21BF5DB7004CD6CC /* aes_ni.c in Sources */,
				E0FC614A21AABBD10018AA61 /* WebViewJavascriptBridgeBase.m in Sources */,
				E0B8C9B021BFA736004CD6CC /* compress.c in Sources */,
				E0B8C98521BF5DB7004CD6CC /* ioapi.c in Sources */,
				E0FC616021AAD2030018AA61 /* ViewControllerUtil.m in Sources */,
				E0B8C98C21BF5DB7004CD6CC /* fileenc.c in Sources */,
				E0B8C98F21BF5DB7004CD6CC /* prng.c in Sources */,
				E0B8C9B821BFA736004CD6CC /* unzcrash.c in Sources */,
				E0FC614C21AABBD10018AA61 /* WebViewJavascriptBridge.m in Sources */,
				E0E8EFE821E2ECE300BF0434 /* UIBarButtonItem+UC.m in Sources */,
				E0B8C9B921BFA736004CD6CC /* bzlib.c in Sources */,
				E0FC615C21AACFB00018AA61 /* ImagePickerHandler.m in Sources */,
				E0B8C9B521BFA736004CD6CC /* dlltest.c in Sources */,
				E0FC614B21AABBD10018AA61 /* WKWebViewJavascriptBridge.m in Sources */,
				E0B8C99221BF5DB7004CD6CC /* SSZipArchive.m in Sources */,
				E0B8C9BA21BFA736004CD6CC /* bzip2.c in Sources */,
				E0B8C98921BF5DB7004CD6CC /* aeskey.c in Sources */,
				E0B8C9B121BFA736004CD6CC /* decompress.c in Sources */,
				E080EEDF21AAE3A8006F2080 /* BarCodeRecongnizerHandler.m in Sources */,
				E0B8C99121BF5DB7004CD6CC /* aestab.c in Sources */,
				E0FC616621AADB350018AA61 /* PhotoTakerHandler.m in Sources */,
				E0B8C98321BF5DB7004CD6CC /* unzip.c in Sources */,
				E0B8C98421BF5DB7004CD6CC /* zip.c in Sources */,
				E0B8C98221BF5DB7004CD6CC /* crypt.c in Sources */,
				E0FC615121AABC5D0018AA61 /* GoHaierWebviewjavaScriptUtill.m in Sources */,
				E0E8EFEB21E2ED3900BF0434 /* UIColor+UC.m in Sources */,
				E0B8C9AF21BFA736004CD6CC /* mk251.c in Sources */,
				E0A9D1A421A7EC9A00FEA58D /* ViewController.m in Sources */,
				E079618B21D3212B00564F83 /* H5FilePathManager.m in Sources */,
				E04A30C521E4708300F7EF5D /* PPNetworkHelper.m in Sources */,
				E0B8C94E21BF4B59004CD6CC /* H5Downloader.m in Sources */,
				E0A9D1AF21A7EC9D00FEA58D /* main.m in Sources */,
				E0B8C98B21BF5DB7004CD6CC /* aescrypt.c in Sources */,
				E0A9D1A121A7EC9A00FEA58D /* AppDelegate.m in Sources */,
				E0B8C9B621BFA736004CD6CC /* bzip2recover.c in Sources */,
			);
			runOnlyForDeploymentPostprocessing = 0;
		};
		E0A9D1B021A7EC9D00FEA58D /* Sources */ = {
			isa = PBXSourcesBuildPhase;
			buildActionMask = 2147483647;
			files = (
				E0A9D1B921A7EC9D00FEA58D /* GoHaierTests.m in Sources */,
			);
			runOnlyForDeploymentPostprocessing = 0;
		};
		E0A9D1BB21A7EC9D00FEA58D /* Sources */ = {
			isa = PBXSourcesBuildPhase;
			buildActionMask = 2147483647;
			files = (
				E0A9D1C421A7EC9D00FEA58D /* GoHaierUITests.m in Sources */,
			);
			runOnlyForDeploymentPostprocessing = 0;
		};
/* End PBXSourcesBuildPhase section */

/* Begin PBXTargetDependency section */
		E0A9D1B621A7EC9D00FEA58D /* PBXTargetDependency */ = {
			isa = PBXTargetDependency;
			target = E0A9D19B21A7EC9A00FEA58D /* GoHaier */;
			targetProxy = E0A9D1B521A7EC9D00FEA58D /* PBXContainerItemProxy */;
		};
		E0A9D1C121A7EC9D00FEA58D /* PBXTargetDependency */ = {
			isa = PBXTargetDependency;
			target = E0A9D19B21A7EC9A00FEA58D /* GoHaier */;
			targetProxy = E0A9D1C021A7EC9D00FEA58D /* PBXContainerItemProxy */;
		};
/* End PBXTargetDependency section */

/* Begin PBXVariantGroup section */
		E0A9D1A521A7EC9A00FEA58D /* Main.storyboard */ = {
			isa = PBXVariantGroup;
			children = (
				E0A9D1A621A7EC9A00FEA58D /* Base */,
			);
			name = Main.storyboard;
			sourceTree = "<group>";
		};
		E0A9D1AA21A7EC9D00FEA58D /* LaunchScreen.storyboard */ = {
			isa = PBXVariantGroup;
			children = (
				E0A9D1AB21A7EC9D00FEA58D /* Base */,
			);
			name = LaunchScreen.storyboard;
			sourceTree = "<group>";
		};
/* End PBXVariantGroup section */

/* Begin XCBuildConfiguration section */
		E0A9D1C621A7EC9D00FEA58D /* Debug */ = {
			isa = XCBuildConfiguration;
			buildSettings = {
				ALWAYS_SEARCH_USER_PATHS = NO;
				CLANG_ANALYZER_NONNULL = YES;
				CLANG_ANALYZER_NUMBER_OBJECT_CONVERSION = YES_AGGRESSIVE;
				CLANG_CXX_LANGUAGE_STANDARD = "gnu++14";
				CLANG_CXX_LIBRARY = "libc++";
				CLANG_ENABLE_MODULES = YES;
				CLANG_ENABLE_OBJC_ARC = YES;
				CLANG_ENABLE_OBJC_WEAK = YES;
				CLANG_WARN_BLOCK_CAPTURE_AUTORELEASING = YES;
				CLANG_WARN_BOOL_CONVERSION = YES;
				CLANG_WARN_COMMA = YES;
				CLANG_WARN_CONSTANT_CONVERSION = YES;
				CLANG_WARN_DEPRECATED_OBJC_IMPLEMENTATIONS = YES;
				CLANG_WARN_DIRECT_OBJC_ISA_USAGE = YES_ERROR;
				CLANG_WARN_DOCUMENTATION_COMMENTS = YES;
				CLANG_WARN_EMPTY_BODY = YES;
				CLANG_WARN_ENUM_CONVERSION = YES;
				CLANG_WARN_INFINITE_RECURSION = YES;
				CLANG_WARN_INT_CONVERSION = YES;
				CLANG_WARN_NON_LITERAL_NULL_CONVERSION = YES;
				CLANG_WARN_OBJC_IMPLICIT_RETAIN_SELF = YES;
				CLANG_WARN_OBJC_LITERAL_CONVERSION = YES;
				CLANG_WARN_OBJC_ROOT_CLASS = YES_ERROR;
				CLANG_WARN_RANGE_LOOP_ANALYSIS = YES;
				CLANG_WARN_STRICT_PROTOTYPES = YES;
				CLANG_WARN_SUSPICIOUS_MOVE = YES;
				CLANG_WARN_UNGUARDED_AVAILABILITY = YES_AGGRESSIVE;
				CLANG_WARN_UNREACHABLE_CODE = YES;
				CLANG_WARN__DUPLICATE_METHOD_MATCH = YES;
				CODE_SIGN_IDENTITY = "iPhone Developer";
				COPY_PHASE_STRIP = NO;
				DEBUG_INFORMATION_FORMAT = dwarf;
				ENABLE_STRICT_OBJC_MSGSEND = YES;
				ENABLE_TESTABILITY = YES;
				GCC_C_LANGUAGE_STANDARD = gnu11;
				GCC_DYNAMIC_NO_PIC = NO;
				GCC_NO_COMMON_BLOCKS = YES;
				GCC_OPTIMIZATION_LEVEL = 0;
				GCC_PREPROCESSOR_DEFINITIONS = (
					"DEBUG=1",
					"$(inherited)",
				);
				GCC_WARN_64_TO_32_BIT_CONVERSION = YES;
				GCC_WARN_ABOUT_RETURN_TYPE = YES_ERROR;
				GCC_WARN_UNDECLARED_SELECTOR = YES;
				GCC_WARN_UNINITIALIZED_AUTOS = YES_AGGRESSIVE;
				GCC_WARN_UNUSED_FUNCTION = YES;
				GCC_WARN_UNUSED_VARIABLE = YES;
				IPHONEOS_DEPLOYMENT_TARGET = 11.4;
				MTL_ENABLE_DEBUG_INFO = YES;
				ONLY_ACTIVE_ARCH = YES;
				SDKROOT = iphoneos;
			};
			name = Debug;
		};
		E0A9D1C721A7EC9D00FEA58D /* Release */ = {
			isa = XCBuildConfiguration;
			buildSettings = {
				ALWAYS_SEARCH_USER_PATHS = NO;
				CLANG_ANALYZER_NONNULL = YES;
				CLANG_ANALYZER_NUMBER_OBJECT_CONVERSION = YES_AGGRESSIVE;
				CLANG_CXX_LANGUAGE_STANDARD = "gnu++14";
				CLANG_CXX_LIBRARY = "libc++";
				CLANG_ENABLE_MODULES = YES;
				CLANG_ENABLE_OBJC_ARC = YES;
				CLANG_ENABLE_OBJC_WEAK = YES;
				CLANG_WARN_BLOCK_CAPTURE_AUTORELEASING = YES;
				CLANG_WARN_BOOL_CONVERSION = YES;
				CLANG_WARN_COMMA = YES;
				CLANG_WARN_CONSTANT_CONVERSION = YES;
				CLANG_WARN_DEPRECATED_OBJC_IMPLEMENTATIONS = YES;
				CLANG_WARN_DIRECT_OBJC_ISA_USAGE = YES_ERROR;
				CLANG_WARN_DOCUMENTATION_COMMENTS = YES;
				CLANG_WARN_EMPTY_BODY = YES;
				CLANG_WARN_ENUM_CONVERSION = YES;
				CLANG_WARN_INFINITE_RECURSION = YES;
				CLANG_WARN_INT_CONVERSION = YES;
				CLANG_WARN_NON_LITERAL_NULL_CONVERSION = YES;
				CLANG_WARN_OBJC_IMPLICIT_RETAIN_SELF = YES;
				CLANG_WARN_OBJC_LITERAL_CONVERSION = YES;
				CLANG_WARN_OBJC_ROOT_CLASS = YES_ERROR;
				CLANG_WARN_RANGE_LOOP_ANALYSIS = YES;
				CLANG_WARN_STRICT_PROTOTYPES = YES;
				CLANG_WARN_SUSPICIOUS_MOVE = YES;
				CLANG_WARN_UNGUARDED_AVAILABILITY = YES_AGGRESSIVE;
				CLANG_WARN_UNREACHABLE_CODE = YES;
				CLANG_WARN__DUPLICATE_METHOD_MATCH = YES;
				CODE_SIGN_IDENTITY = "iPhone Developer";
				COPY_PHASE_STRIP = NO;
				DEBUG_INFORMATION_FORMAT = "dwarf-with-dsym";
				ENABLE_NS_ASSERTIONS = NO;
				ENABLE_STRICT_OBJC_MSGSEND = YES;
				GCC_C_LANGUAGE_STANDARD = gnu11;
				GCC_NO_COMMON_BLOCKS = YES;
				GCC_WARN_64_TO_32_BIT_CONVERSION = YES;
				GCC_WARN_ABOUT_RETURN_TYPE = YES_ERROR;
				GCC_WARN_UNDECLARED_SELECTOR = YES;
				GCC_WARN_UNINITIALIZED_AUTOS = YES_AGGRESSIVE;
				GCC_WARN_UNUSED_FUNCTION = YES;
				GCC_WARN_UNUSED_VARIABLE = YES;
				IPHONEOS_DEPLOYMENT_TARGET = 11.4;
				MTL_ENABLE_DEBUG_INFO = NO;
				SDKROOT = iphoneos;
				VALIDATE_PRODUCT = YES;
			};
			name = Release;
		};
		E0A9D1C921A7EC9D00FEA58D /* Debug */ = {
			isa = XCBuildConfiguration;
			baseConfigurationReference = 97CA5734BC39FAD7AEB74024 /* Pods-GoHaier.debug.xcconfig */;
			buildSettings = {
				ASSETCATALOG_COMPILER_APPICON_NAME = AppIcon;
				CODE_SIGN_IDENTITY = "iPhone Developer";
				CODE_SIGN_STYLE = Automatic;
				DEVELOPMENT_TEAM = AZFKV3S428;
				INFOPLIST_FILE = GoHaier/Info.plist;
				LD_RUNPATH_SEARCH_PATHS = (
					"$(inherited)",
					"@executable_path/Frameworks",
				);
				PRODUCT_BUNDLE_IDENTIFIER = com.haier.gohaier;
				PRODUCT_NAME = "$(TARGET_NAME)";
				PROVISIONING_PROFILE = "95bff849-f2ef-4999-93d1-6401b9d53cbf";
				PROVISIONING_PROFILE_SPECIFIER = "";
				TARGETED_DEVICE_FAMILY = "1,2";
			};
			name = Debug;
		};
		E0A9D1CA21A7EC9D00FEA58D /* Release */ = {
			isa = XCBuildConfiguration;
			baseConfigurationReference = 4ADB11AD7ED6A8317D47B73E /* Pods-GoHaier.release.xcconfig */;
			buildSettings = {
				ASSETCATALOG_COMPILER_APPICON_NAME = AppIcon;
				CODE_SIGN_IDENTITY = "iPhone Developer";
				CODE_SIGN_STYLE = Automatic;
				DEVELOPMENT_TEAM = AZFKV3S428;
				INFOPLIST_FILE = GoHaier/Info.plist;
				LD_RUNPATH_SEARCH_PATHS = (
					"$(inherited)",
					"@executable_path/Frameworks",
				);
				PRODUCT_BUNDLE_IDENTIFIER = com.haier.gohaier;
				PRODUCT_NAME = "$(TARGET_NAME)";
				PROVISIONING_PROFILE = "95bff849-f2ef-4999-93d1-6401b9d53cbf";
				PROVISIONING_PROFILE_SPECIFIER = "";
				TARGETED_DEVICE_FAMILY = "1,2";
			};
			name = Release;
		};
		E0A9D1CC21A7EC9D00FEA58D /* Debug */ = {
			isa = XCBuildConfiguration;
			buildSettings = {
				BUNDLE_LOADER = "$(TEST_HOST)";
				CODE_SIGN_STYLE = Automatic;
				DEVELOPMENT_TEAM = AZFKV3S428;
				INFOPLIST_FILE = GoHaierTests/Info.plist;
				LD_RUNPATH_SEARCH_PATHS = (
					"$(inherited)",
					"@executable_path/Frameworks",
					"@loader_path/Frameworks",
				);
				PRODUCT_BUNDLE_IDENTIFIER = estorescanreport.GoHaierTests;
				PRODUCT_NAME = "$(TARGET_NAME)";
				TARGETED_DEVICE_FAMILY = "1,2";
				TEST_HOST = "$(BUILT_PRODUCTS_DIR)/GoHaier.app/GoHaier";
			};
			name = Debug;
		};
		E0A9D1CD21A7EC9D00FEA58D /* Release */ = {
			isa = XCBuildConfiguration;
			buildSettings = {
				BUNDLE_LOADER = "$(TEST_HOST)";
				CODE_SIGN_STYLE = Automatic;
				DEVELOPMENT_TEAM = AZFKV3S428;
				INFOPLIST_FILE = GoHaierTests/Info.plist;
				LD_RUNPATH_SEARCH_PATHS = (
					"$(inherited)",
					"@executable_path/Frameworks",
					"@loader_path/Frameworks",
				);
				PRODUCT_BUNDLE_IDENTIFIER = estorescanreport.GoHaierTests;
				PRODUCT_NAME = "$(TARGET_NAME)";
				TARGETED_DEVICE_FAMILY = "1,2";
				TEST_HOST = "$(BUILT_PRODUCTS_DIR)/GoHaier.app/GoHaier";
			};
			name = Release;
		};
		E0A9D1CF21A7EC9D00FEA58D /* Debug */ = {
			isa = XCBuildConfiguration;
			buildSettings = {
				CODE_SIGN_STYLE = Automatic;
				DEVELOPMENT_TEAM = AZFKV3S428;
				INFOPLIST_FILE = GoHaierUITests/Info.plist;
				LD_RUNPATH_SEARCH_PATHS = (
					"$(inherited)",
					"@executable_path/Frameworks",
					"@loader_path/Frameworks",
				);
				PRODUCT_BUNDLE_IDENTIFIER = estorescanreport.GoHaierUITests;
				PRODUCT_NAME = "$(TARGET_NAME)";
				TARGETED_DEVICE_FAMILY = "1,2";
				TEST_TARGET_NAME = GoHaier;
			};
			name = Debug;
		};
		E0A9D1D021A7EC9D00FEA58D /* Release */ = {
			isa = XCBuildConfiguration;
			buildSettings = {
				CODE_SIGN_STYLE = Automatic;
				DEVELOPMENT_TEAM = AZFKV3S428;
				INFOPLIST_FILE = GoHaierUITests/Info.plist;
				LD_RUNPATH_SEARCH_PATHS = (
					"$(inherited)",
					"@executable_path/Frameworks",
					"@loader_path/Frameworks",
				);
				PRODUCT_BUNDLE_IDENTIFIER = estorescanreport.GoHaierUITests;
				PRODUCT_NAME = "$(TARGET_NAME)";
				TARGETED_DEVICE_FAMILY = "1,2";
				TEST_TARGET_NAME = GoHaier;
			};
			name = Release;
		};
/* End XCBuildConfiguration section */

/* Begin XCConfigurationList section */
		E0A9D19721A7EC9A00FEA58D /* Build configuration list for PBXProject "GoHaier" */ = {
			isa = XCConfigurationList;
			buildConfigurations = (
				E0A9D1C621A7EC9D00FEA58D /* Debug */,
				E0A9D1C721A7EC9D00FEA58D /* Release */,
			);
			defaultConfigurationIsVisible = 0;
			defaultConfigurationName = Release;
		};
		E0A9D1C821A7EC9D00FEA58D /* Build configuration list for PBXNativeTarget "GoHaier" */ = {
			isa = XCConfigurationList;
			buildConfigurations = (
				E0A9D1C921A7EC9D00FEA58D /* Debug */,
				E0A9D1CA21A7EC9D00FEA58D /* Release */,
			);
			defaultConfigurationIsVisible = 0;
			defaultConfigurationName = Release;
		};
		E0A9D1CB21A7EC9D00FEA58D /* Build configuration list for PBXNativeTarget "GoHaierTests" */ = {
			isa = XCConfigurationList;
			buildConfigurations = (
				E0A9D1CC21A7EC9D00FEA58D /* Debug */,
				E0A9D1CD21A7EC9D00FEA58D /* Release */,
			);
			defaultConfigurationIsVisible = 0;
			defaultConfigurationName = Release;
		};
		E0A9D1CE21A7EC9D00FEA58D /* Build configuration list for PBXNativeTarget "GoHaierUITests" */ = {
			isa = XCConfigurationList;
			buildConfigurations = (
				E0A9D1CF21A7EC9D00FEA58D /* Debug */,
				E0A9D1D021A7EC9D00FEA58D /* Release */,
			);
			defaultConfigurationIsVisible = 0;
			defaultConfigurationName = Release;
		};
/* End XCConfigurationList section */
	};
	rootObject = E0A9D19421A7EC9A00FEA58D /* Project object */;
}
