PODS:
  - AFNetworking (3.2.1):
    - AFNetworking/NSURLSession (= 3.2.1)
    - AFNetworking/Reachability (= 3.2.1)
    - AFNetworking/Security (= 3.2.1)
    - AFNetworking/Serialization (= 3.2.1)
    - AFNetworking/UIKit (= 3.2.1)
  - AFNetworking/NSURLSession (3.2.1):
    - AFNetworking/Reachability
    - AFNetworking/Security
    - AFNetworking/Serialization
  - AFNetworking/Reachability (3.2.1)
  - AFNetworking/Security (3.2.1)
  - AFNetworking/Serialization (3.2.1)
  - AFNetworking/UIKit (3.2.1):
    - AFNetworking/NSURLSession
  - BlocksKit (2.2.5):
    - BlocksKit/All (= 2.2.5)
  - BlocksKit/All (2.2.5):
    - BlocksKit/Core
    - BlocksKit/DynamicDelegate
    - BlocksKit/MessageUI
    - BlocksKit/UIKit
  - BlocksKit/Core (2.2.5)
  - BlocksKit/DynamicDelegate (2.2.5)
  - BlocksKit/MessageUI (2.2.5):
    - BlocksKit/Core
    - BlocksKit/DynamicDelegate
  - BlocksKit/UIKit (2.2.5):
    - BlocksKit/Core
    - BlocksKit/DynamicDelegate
  - Masonry (1.1.0)
  - MBProgressHUD (1.1.0)
  - MGJRouter (0.9.3)
  - MJRefresh (3.1.15.3)
  - NXHABTest (0.0.1)
  - SDWebImage (4.4.0):
    - SDWebImage/Core (= 4.4.0)
  - SDWebImage/Core (4.4.0)
  - Toast (4.0.0)
  - YYCache (1.0.4)

DEPENDENCIES:
  - AFNetworking
  - BlocksKit
  - Masonry
  - MBProgressHUD
  - MGJRouter (~> 0.9.0)
  - MJRefresh
  - NXHABTest
  - SDWebImage (~> 4.0)
  - Toast (~> 4.0.0)
  - YYCache

SPEC REPOS:
  https://github.com/cocoapods/specs.git:
    - AFNetworking
    - BlocksKit
    - Masonry
    - MBProgressHUD
    - MGJRouter
    - MJRefresh
    - NXHABTest
    - SDWebImage
    - Toast
    - YYCache

SPEC CHECKSUMS:
  AFNetworking: b6f891fdfaed196b46c7a83cf209e09697b94057
  BlocksKit: 7f422b971407001178d181a43b99014ea2591fe6
  Masonry: 678fab65091a9290e40e2832a55e7ab731aad201
  MBProgressHUD: e7baa36a220447d8aeb12769bf0585582f3866d9
  MGJRouter: f65821e2aeffc8f9e84b254c8f1c0dd80f048aa9
  MJRefresh: b48380ae2b927b46c4ef000de9adb8dc748e1df7
  NXHABTest: 785f3d04d4d5811c375882d2c223edf4052216a8
  SDWebImage: b534502786e43dde36dfcaee89356fe6df30e203
  Toast: 91b396c56ee72a5790816f40d3a94dd357abc196
  YYCache: 8105b6638f5e849296c71f331ff83891a4942952

PODFILE CHECKSUM: 61bc73251f3a38edb34317046578783011fd04d0

COCOAPODS: 1.5.3
